
Microsoft Visual Studio Solution File, Format Version 12.00
# Visual Studio Version 17
VisualStudioVersion = 17.5.33414.496
MinimumVisualStudioVersion = 10.0.40219.1
Project("{9A19103F-16F7-4668-BE54-9A1E7A4F7556}") = "BeanScene", "BeanScene\BeanScene.csproj", "{948F0600-4445-4C32-8641-65128D76FD2B}"
EndProject
Project("{9A19103F-16F7-4668-BE54-9A1E7A4F7556}") = "BeanScene.Tests", "BeanSceneTest\BeanScene.Tests.csproj", "{DF8E9C49-89D4-4ABE-B0D8-9C140C71956E}"
EndProject
Global
	GlobalSection(SolutionConfigurationPlatforms) = preSolution
		Debug|Any CPU = Debug|Any CPU
		Release|Any CPU = Release|Any CPU
	EndGlobalSection
	GlobalSection(ProjectConfigurationPlatforms) = postSolution
		{948F0600-4445-4C32-8641-65128D76FD2B}.Debug|Any CPU.ActiveCfg = Debug|Any CPU
		{948F0600-4445-4C32-8641-65128D76FD2B}.Debug|Any CPU.Build.0 = Debug|Any CPU
		{948F0600-4445-4C32-8641-65128D76FD2B}.Release|Any CPU.ActiveCfg = Release|Any CPU
		{948F0600-4445-4C32-8641-65128D76FD2B}.Release|Any CPU.Build.0 = Release|Any CPU
		{DF8E9C49-89D4-4ABE-B0D8-9C140C71956E}.Debug|Any CPU.ActiveCfg = Debug|Any CPU
		{DF8E9C49-89D4-4ABE-B0D8-9C140C71956E}.Debug|Any CPU.Build.0 = Debug|Any CPU
		{DF8E9C49-89D4-4ABE-B0D8-9C140C71956E}.Release|Any CPU.ActiveCfg = Release|Any CPU
		{DF8E9C49-89D4-4ABE-B0D8-9C140C71956E}.Release|Any CPU.Build.0 = Release|Any CPU
	EndGlobalSection
	GlobalSection(SolutionProperties) = preSolution
		HideSolutionNode = FALSE
	EndGlobalSection
	GlobalSection(ExtensibilityGlobals) = postSolution
		SolutionGuid = {D0168DBD-D630-40A4-820A-2A0B2E8A8738}
	EndGlobalSection
EndGlobal
